// !$*UTF8*$!
{
	archiveVersion = 1;
	classes = {
	};
	objectVersion = 55;
	objects = {

/* Begin PBXBuildFile section */
		4A80EB3E08A12A9718225F03 /* Pods_RogaLabs_iOS_Teste.framework in Frameworks */ = {isa = PBXBuildFile; fileRef = DD7AA1826221426063945BBD /* Pods_RogaLabs_iOS_Teste.framework */; };
		B64B9A38281654B100D5605A /* AppDelegate.swift in Sources */ = {isa = PBXBuildFile; fileRef = B64B9A37281654B100D5605A /* AppDelegate.swift */; };
		B64B9A3A281654B100D5605A /* SceneDelegate.swift in Sources */ = {isa = PBXBuildFile; fileRef = B64B9A39281654B100D5605A /* SceneDelegate.swift */; };
		B64B9A3C281654B100D5605A /* WelcomeViewController.swift in Sources */ = {isa = PBXBuildFile; fileRef = B64B9A3B281654B100D5605A /* WelcomeViewController.swift */; };
		B64B9A3F281654B100D5605A /* Main.storyboard in Resources */ = {isa = PBXBuildFile; fileRef = B64B9A3D281654B100D5605A /* Main.storyboard */; };
		B64B9A41281654B600D5605A /* Assets.xcassets in Resources */ = {isa = PBXBuildFile; fileRef = B64B9A40281654B600D5605A /* Assets.xcassets */; };
		B64B9A44281654B600D5605A /* LaunchScreen.storyboard in Resources */ = {isa = PBXBuildFile; fileRef = B64B9A42281654B600D5605A /* LaunchScreen.storyboard */; };
		B67F43B12818B1C8001ABC43 /* CommentModalViewController.swift in Sources */ = {isa = PBXBuildFile; fileRef = B67F43B02818B1C8001ABC43 /* CommentModalViewController.swift */; };
		B67F43B62818D1D4001ABC43 /* CommentCell.swift in Sources */ = {isa = PBXBuildFile; fileRef = B67F43B42818D1D4001ABC43 /* CommentCell.swift */; };
		B67F43B72818D1D4001ABC43 /* CommentCell.xib in Resources */ = {isa = PBXBuildFile; fileRef = B67F43B52818D1D4001ABC43 /* CommentCell.xib */; };
		B6DCFD7D281715A600F1A941 /* PostData.swift in Sources */ = {isa = PBXBuildFile; fileRef = B6DCFD7C281715A600F1A941 /* PostData.swift */; };
		B6DCFD8228171F9400F1A941 /* K.swift in Sources */ = {isa = PBXBuildFile; fileRef = B6DCFD8128171F9400F1A941 /* K.swift */; };
		B6DCFD8628172B8B00F1A941 /* PostsViewController.swift in Sources */ = {isa = PBXBuildFile; fileRef = B6DCFD8528172B8B00F1A941 /* PostsViewController.swift */; };
		B6DCFD882817955600F1A941 /* Manager.swift in Sources */ = {isa = PBXBuildFile; fileRef = B6DCFD872817955500F1A941 /* Manager.swift */; };
		B6DCFD8F2817C08A00F1A941 /* PostCell.swift in Sources */ = {isa = PBXBuildFile; fileRef = B6DCFD8D2817C08A00F1A941 /* PostCell.swift */; };
		B6DCFD902817C08A00F1A941 /* PostCell.xib in Resources */ = {isa = PBXBuildFile; fileRef = B6DCFD8E2817C08A00F1A941 /* PostCell.xib */; };
/* End PBXBuildFile section */

/* Begin PBXFileReference section */
		8E26C05C5286012427FF9053 /* Pods-RogaLabs-iOS-Teste.debug.xcconfig */ = {isa = PBXFileReference; includeInIndex = 1; lastKnownFileType = text.xcconfig; name = "Pods-RogaLabs-iOS-Teste.debug.xcconfig"; path = "Target Support Files/Pods-RogaLabs-iOS-Teste/Pods-RogaLabs-iOS-Teste.debug.xcconfig"; sourceTree = "<group>"; };
		A45C6345C5411EF2FC4589F8 /* Pods-RogaLabs-iOS-Teste.release.xcconfig */ = {isa = PBXFileReference; includeInIndex = 1; lastKnownFileType = text.xcconfig; name = "Pods-RogaLabs-iOS-Teste.release.xcconfig"; path = "Target Support Files/Pods-RogaLabs-iOS-Teste/Pods-RogaLabs-iOS-Teste.release.xcconfig"; sourceTree = "<group>"; };
		B64B9A34281654B000D5605A /* RogaLabs-iOS-Teste.app */ = {isa = PBXFileReference; explicitFileType = wrapper.application; includeInIndex = 0; path = "RogaLabs-iOS-Teste.app"; sourceTree = BUILT_PRODUCTS_DIR; };
		B64B9A37281654B100D5605A /* AppDelegate.swift */ = {isa = PBXFileReference; lastKnownFileType = sourcecode.swift; path = AppDelegate.swift; sourceTree = "<group>"; };
		B64B9A39281654B100D5605A /* SceneDelegate.swift */ = {isa = PBXFileReference; lastKnownFileType = sourcecode.swift; path = SceneDelegate.swift; sourceTree = "<group>"; };
		B64B9A3B281654B100D5605A /* WelcomeViewController.swift */ = {isa = PBXFileReference; lastKnownFileType = sourcecode.swift; path = WelcomeViewController.swift; sourceTree = "<group>"; };
		B64B9A3E281654B100D5605A /* Base */ = {isa = PBXFileReference; lastKnownFileType = file.storyboard; name = Base; path = Base.lproj/Main.storyboard; sourceTree = "<group>"; };
		B64B9A40281654B600D5605A /* Assets.xcassets */ = {isa = PBXFileReference; lastKnownFileType = folder.assetcatalog; path = Assets.xcassets; sourceTree = "<group>"; };
		B64B9A43281654B600D5605A /* Base */ = {isa = PBXFileReference; lastKnownFileType = file.storyboard; name = Base; path = Base.lproj/LaunchScreen.storyboard; sourceTree = "<group>"; };
		B64B9A45281654B600D5605A /* Info.plist */ = {isa = PBXFileReference; lastKnownFileType = text.plist.xml; path = Info.plist; sourceTree = "<group>"; };
		B67F43B02818B1C8001ABC43 /* CommentModalViewController.swift */ = {isa = PBXFileReference; lastKnownFileType = sourcecode.swift; path = CommentModalViewController.swift; sourceTree = "<group>"; };
		B67F43B42818D1D4001ABC43 /* CommentCell.swift */ = {isa = PBXFileReference; lastKnownFileType = sourcecode.swift; path = CommentCell.swift; sourceTree = "<group>"; };
		B67F43B52818D1D4001ABC43 /* CommentCell.xib */ = {isa = PBXFileReference; lastKnownFileType = file.xib; path = CommentCell.xib; sourceTree = "<group>"; };
		B6DCFD7C281715A600F1A941 /* PostData.swift */ = {isa = PBXFileReference; lastKnownFileType = sourcecode.swift; path = PostData.swift; sourceTree = "<group>"; };
		B6DCFD8128171F9400F1A941 /* K.swift */ = {isa = PBXFileReference; lastKnownFileType = sourcecode.swift; path = K.swift; sourceTree = "<group>"; };
		B6DCFD8528172B8B00F1A941 /* PostsViewController.swift */ = {isa = PBXFileReference; lastKnownFileType = sourcecode.swift; path = PostsViewController.swift; sourceTree = "<group>"; };
		B6DCFD872817955500F1A941 /* Manager.swift */ = {isa = PBXFileReference; lastKnownFileType = sourcecode.swift; path = Manager.swift; sourceTree = "<group>"; };
		B6DCFD8D2817C08A00F1A941 /* PostCell.swift */ = {isa = PBXFileReference; lastKnownFileType = sourcecode.swift; path = PostCell.swift; sourceTree = "<group>"; };
		B6DCFD8E2817C08A00F1A941 /* PostCell.xib */ = {isa = PBXFileReference; lastKnownFileType = file.xib; path = PostCell.xib; sourceTree = "<group>"; };
		DD7AA1826221426063945BBD /* Pods_RogaLabs_iOS_Teste.framework */ = {isa = PBXFileReference; explicitFileType = wrapper.framework; includeInIndex = 0; path = Pods_RogaLabs_iOS_Teste.framework; sourceTree = BUILT_PRODUCTS_DIR; };
/* End PBXFileReference section */

/* Begin PBXFrameworksBuildPhase section */
		B64B9A31281654B000D5605A /* Frameworks */ = {
			isa = PBXFrameworksBuildPhase;
			buildActionMask = 2147483647;
			files = (
				4A80EB3E08A12A9718225F03 /* Pods_RogaLabs_iOS_Teste.framework in Frameworks */,
			);
			runOnlyForDeploymentPostprocessing = 0;
		};
/* End PBXFrameworksBuildPhase section */

/* Begin PBXGroup section */
		891D9CC52B868AFB32713B34 /* Pods */ = {
			isa = PBXGroup;
			children = (
				8E26C05C5286012427FF9053 /* Pods-RogaLabs-iOS-Teste.debug.xcconfig */,
				A45C6345C5411EF2FC4589F8 /* Pods-RogaLabs-iOS-Teste.release.xcconfig */,
			);
			path = Pods;
			sourceTree = "<group>";
		};
		B64B9A2B281654B000D5605A = {
			isa = PBXGroup;
			children = (
				B64B9A36281654B100D5605A /* RogaLabs-iOS-Teste */,
				B64B9A35281654B000D5605A /* Products */,
				891D9CC52B868AFB32713B34 /* Pods */,
				B790600D9DDC5F490E0DD985 /* Frameworks */,
			);
			sourceTree = "<group>";
		};
		B64B9A35281654B000D5605A /* Products */ = {
			isa = PBXGroup;
			children = (
				B64B9A34281654B000D5605A /* RogaLabs-iOS-Teste.app */,
			);
			name = Products;
			sourceTree = "<group>";
		};
		B64B9A36281654B100D5605A /* RogaLabs-iOS-Teste */ = {
			isa = PBXGroup;
			children = (
				B64B9A37281654B100D5605A /* AppDelegate.swift */,
				B64B9A39281654B100D5605A /* SceneDelegate.swift */,
				B6DCFD7E281715B900F1A941 /* Model */,
				B6DCFD7B2817158E00F1A941 /* Controller */,
				B6DCFD7A2817157D00F1A941 /* View */,
				B64B9A40281654B600D5605A /* Assets.xcassets */,
				B64B9A42281654B600D5605A /* LaunchScreen.storyboard */,
				B64B9A45281654B600D5605A /* Info.plist */,
				B6DCFD8128171F9400F1A941 /* K.swift */,
			);
			path = "RogaLabs-iOS-Teste";
			sourceTree = "<group>";
		};
		B6DCFD7A2817157D00F1A941 /* View */ = {
			isa = PBXGroup;
			children = (
				B64B9A3D281654B100D5605A /* Main.storyboard */,
				B6DCFD8D2817C08A00F1A941 /* PostCell.swift */,
				B6DCFD8E2817C08A00F1A941 /* PostCell.xib */,
				B67F43B42818D1D4001ABC43 /* CommentCell.swift */,
				B67F43B52818D1D4001ABC43 /* CommentCell.xib */,
			);
			path = View;
			sourceTree = "<group>";
		};
		B6DCFD7B2817158E00F1A941 /* Controller */ = {
			isa = PBXGroup;
			children = (
				B64B9A3B281654B100D5605A /* WelcomeViewController.swift */,
				B6DCFD8528172B8B00F1A941 /* PostsViewController.swift */,
				B67F43B02818B1C8001ABC43 /* CommentModalViewController.swift */,
			);
			path = Controller;
			sourceTree = "<group>";
		};
		B6DCFD7E281715B900F1A941 /* Model */ = {
			isa = PBXGroup;
			children = (
				B6DCFD7C281715A600F1A941 /* PostData.swift */,
				B6DCFD872817955500F1A941 /* Manager.swift */,
			);
			path = Model;
			sourceTree = "<group>";
		};
		B790600D9DDC5F490E0DD985 /* Frameworks */ = {
			isa = PBXGroup;
			children = (
				DD7AA1826221426063945BBD /* Pods_RogaLabs_iOS_Teste.framework */,
			);
			name = Frameworks;
			sourceTree = "<group>";
		};
/* End PBXGroup section */

/* Begin PBXNativeTarget section */
		B64B9A33281654B000D5605A /* RogaLabs-iOS-Teste */ = {
			isa = PBXNativeTarget;
			buildConfigurationList = B64B9A48281654B600D5605A /* Build configuration list for PBXNativeTarget "RogaLabs-iOS-Teste" */;
			buildPhases = (
				006D5B1364AD3D4A9C74B5CB /* [CP] Check Pods Manifest.lock */,
				B64B9A30281654B000D5605A /* Sources */,
				B64B9A31281654B000D5605A /* Frameworks */,
				B64B9A32281654B000D5605A /* Resources */,
				7CA7CBDC5D9A4903D7BC8DCD /* [CP] Embed Pods Frameworks */,
			);
			buildRules = (
			);
			dependencies = (
			);
			name = "RogaLabs-iOS-Teste";
			productName = "RogaLabs-iOS-Teste";
			productReference = B64B9A34281654B000D5605A /* RogaLabs-iOS-Teste.app */;
			productType = "com.apple.product-type.application";
		};
/* End PBXNativeTarget section */

/* Begin PBXProject section */
		B64B9A2C281654B000D5605A /* Project object */ = {
			isa = PBXProject;
			attributes = {
				BuildIndependentTargetsInParallel = 1;
				LastSwiftUpdateCheck = 1310;
				LastUpgradeCheck = 1310;
				TargetAttributes = {
					B64B9A33281654B000D5605A = {
						CreatedOnToolsVersion = 13.1;
					};
				};
			};
			buildConfigurationList = B64B9A2F281654B000D5605A /* Build configuration list for PBXProject "RogaLabs-iOS-Teste" */;
			compatibilityVersion = "Xcode 13.0";
			developmentRegion = en;
			hasScannedForEncodings = 0;
			knownRegions = (
				en,
				Base,
			);
			mainGroup = B64B9A2B281654B000D5605A;
			productRefGroup = B64B9A35281654B000D5605A /* Products */;
			projectDirPath = "";
			projectRoot = "";
			targets = (
				B64B9A33281654B000D5605A /* RogaLabs-iOS-Teste */,
			);
		};
/* End PBXProject section */

/* Begin PBXResourcesBuildPhase section */
		B64B9A32281654B000D5605A /* Resources */ = {
			isa = PBXResourcesBuildPhase;
			buildActionMask = 2147483647;
			files = (
				B67F43B72818D1D4001ABC43 /* CommentCell.xib in Resources */,
				B64B9A44281654B600D5605A /* LaunchScreen.storyboard in Resources */,
				B64B9A41281654B600D5605A /* Assets.xcassets in Resources */,
				B64B9A3F281654B100D5605A /* Main.storyboard in Resources */,
				B6DCFD902817C08A00F1A941 /* PostCell.xib in Resources */,
			);
			runOnlyForDeploymentPostprocessing = 0;
		};
/* End PBXResourcesBuildPhase section */

/* Begin PBXShellScriptBuildPhase section */
		006D5B1364AD3D4A9C74B5CB /* [CP] Check Pods Manifest.lock */ = {
			isa = PBXShellScriptBuildPhase;
			buildActionMask = 2147483647;
			files = (
			);
			inputFileListPaths = (
			);
			inputPaths = (
				"${PODS_PODFILE_DIR_PATH}/Podfile.lock",
				"${PODS_ROOT}/Manifest.lock",
			);
			name = "[CP] Check Pods Manifest.lock";
			outputFileListPaths = (
			);
			outputPaths = (
				"$(DERIVED_FILE_DIR)/Pods-RogaLabs-iOS-Teste-checkManifestLockResult.txt",
			);
			runOnlyForDeploymentPostprocessing = 0;
			shellPath = /bin/sh;
			shellScript = "diff \"${PODS_PODFILE_DIR_PATH}/Podfile.lock\" \"${PODS_ROOT}/Manifest.lock\" > /dev/null\nif [ $? != 0 ] ; then\n    # print error to STDERR\n    echo \"error: The sandbox is not in sync with the Podfile.lock. Run 'pod install' or update your CocoaPods installation.\" >&2\n    exit 1\nfi\n# This output is used by Xcode 'outputs' to avoid re-running this script phase.\necho \"SUCCESS\" > \"${SCRIPT_OUTPUT_FILE_0}\"\n";
			showEnvVarsInLog = 0;
		};
		7CA7CBDC5D9A4903D7BC8DCD /* [CP] Embed Pods Frameworks */ = {
			isa = PBXShellScriptBuildPhase;
			buildActionMask = 2147483647;
			files = (
			);
			inputFileListPaths = (
				"${PODS_ROOT}/Target Support Files/Pods-RogaLabs-iOS-Teste/Pods-RogaLabs-iOS-Teste-frameworks-${CONFIGURATION}-input-files.xcfilelist",
			);
			name = "[CP] Embed Pods Frameworks";
			outputFileListPaths = (
				"${PODS_ROOT}/Target Support Files/Pods-RogaLabs-iOS-Teste/Pods-RogaLabs-iOS-Teste-frameworks-${CONFIGURATION}-output-files.xcfilelist",
			);
			runOnlyForDeploymentPostprocessing = 0;
			shellPath = /bin/sh;
			shellScript = "\"${PODS_ROOT}/Target Support Files/Pods-RogaLabs-iOS-Teste/Pods-RogaLabs-iOS-Teste-frameworks.sh\"\n";
			showEnvVarsInLog = 0;
		};
/* End PBXShellScriptBuildPhase section */

/* Begin PBXSourcesBuildPhase section */
		B64B9A30281654B000D5605A /* Sources */ = {
			isa = PBXSourcesBuildPhase;
			buildActionMask = 2147483647;
			files = (
				B6DCFD8628172B8B00F1A941 /* PostsViewController.swift in Sources */,
				B64B9A3C281654B100D5605A /* WelcomeViewController.swift in Sources */,
				B6DCFD882817955600F1A941 /* Manager.swift in Sources */,
				B64B9A38281654B100D5605A /* AppDelegate.swift in Sources */,
				B6DCFD8F2817C08A00F1A941 /* PostCell.swift in Sources */,
				B67F43B62818D1D4001ABC43 /* CommentCell.swift in Sources */,
				B67F43B12818B1C8001ABC43 /* CommentModalViewController.swift in Sources */,
				B6DCFD8228171F9400F1A941 /* K.swift in Sources */,
				B64B9A3A281654B100D5605A /* SceneDelegate.swift in Sources */,
				B6DCFD7D281715A600F1A941 /* PostData.swift in Sources */,
			);
			runOnlyForDeploymentPostprocessing = 0;
		};
/* End PBXSourcesBuildPhase section */

/* Begin PBXVariantGroup section */
		B64B9A3D281654B100D5605A /* Main.storyboard */ = {
			isa = PBXVariantGroup;
			children = (
				B64B9A3E281654B100D5605A /* Base */,
			);
			name = Main.storyboard;
			sourceTree = "<group>";
		};
		B64B9A42281654B600D5605A /* LaunchScreen.storyboard */ = {
			isa = PBXVariantGroup;
			children = (
				B64B9A43281654B600D5605A /* Base */,
			);
			name = LaunchScreen.storyboard;
			sourceTree = "<group>";
		};
/* End PBXVariantGroup section */

/* Begin XCBuildConfiguration section */
		B64B9A46281654B600D5605A /* Debug */ = {
			isa = XCBuildConfiguration;
			buildSettings = {
				ALWAYS_SEARCH_USER_PATHS = NO;
				CLANG_ANALYZER_NONNULL = YES;
				CLANG_ANALYZER_NUMBER_OBJECT_CONVERSION = YES_AGGRESSIVE;
				CLANG_CXX_LANGUAGE_STANDARD = "gnu++17";
				CLANG_CXX_LIBRARY = "libc++";
				CLANG_ENABLE_MODULES = YES;
				CLANG_ENABLE_OBJC_ARC = YES;
				CLANG_ENABLE_OBJC_WEAK = YES;
				CLANG_WARN_BLOCK_CAPTURE_AUTORELEASING = YES;
				CLANG_WARN_BOOL_CONVERSION = YES;
				CLANG_WARN_COMMA = YES;
				CLANG_WARN_CONSTANT_CONVERSION = YES;
				CLANG_WARN_DEPRECATED_OBJC_IMPLEMENTATIONS = YES;
				CLANG_WARN_DIRECT_OBJC_ISA_USAGE = YES_ERROR;
				CLANG_WARN_DOCUMENTATION_COMMENTS = YES;
				CLANG_WARN_EMPTY_BODY = YES;
				CLANG_WARN_ENUM_CONVERSION = YES;
				CLANG_WARN_INFINITE_RECURSION = YES;
				CLANG_WARN_INT_CONVERSION = YES;
				CLANG_WARN_NON_LITERAL_NULL_CONVERSION = YES;
				CLANG_WARN_OBJC_IMPLICIT_RETAIN_SELF = YES;
				CLANG_WARN_OBJC_LITERAL_CONVERSION = YES;
				CLANG_WARN_OBJC_ROOT_CLASS = YES_ERROR;
				CLANG_WARN_QUOTED_INCLUDE_IN_FRAMEWORK_HEADER = YES;
				CLANG_WARN_RANGE_LOOP_ANALYSIS = YES;
				CLANG_WARN_STRICT_PROTOTYPES = YES;
				CLANG_WARN_SUSPICIOUS_MOVE = YES;
				CLANG_WARN_UNGUARDED_AVAILABILITY = YES_AGGRESSIVE;
				CLANG_WARN_UNREACHABLE_CODE = YES;
				CLANG_WARN__DUPLICATE_METHOD_MATCH = YES;
				COPY_PHASE_STRIP = NO;
				DEBUG_INFORMATION_FORMAT = dwarf;
				ENABLE_STRICT_OBJC_MSGSEND = YES;
				ENABLE_TESTABILITY = YES;
				GCC_C_LANGUAGE_STANDARD = gnu11;
				GCC_DYNAMIC_NO_PIC = NO;
				GCC_NO_COMMON_BLOCKS = YES;
				GCC_OPTIMIZATION_LEVEL = 0;
				GCC_PREPROCESSOR_DEFINITIONS = (
					"DEBUG=1",
					"$(inherited)",
				);
				GCC_WARN_64_TO_32_BIT_CONVERSION = YES;
				GCC_WARN_ABOUT_RETURN_TYPE = YES_ERROR;
				GCC_WARN_UNDECLARED_SELECTOR = YES;
				GCC_WARN_UNINITIALIZED_AUTOS = YES_AGGRESSIVE;
				GCC_WARN_UNUSED_FUNCTION = YES;
				GCC_WARN_UNUSED_VARIABLE = YES;
				IPHONEOS_DEPLOYMENT_TARGET = 15.0;
				MTL_ENABLE_DEBUG_INFO = INCLUDE_SOURCE;
				MTL_FAST_MATH = YES;
				ONLY_ACTIVE_ARCH = YES;
				SDKROOT = iphoneos;
				SWIFT_ACTIVE_COMPILATION_CONDITIONS = DEBUG;
				SWIFT_OPTIMIZATION_LEVEL = "-Onone";
			};
			name = Debug;
		};
		B64B9A47281654B600D5605A /* Release */ = {
			isa = XCBuildConfiguration;
			buildSettings = {
				ALWAYS_SEARCH_USER_PATHS = NO;
				CLANG_ANALYZER_NONNULL = YES;
				CLANG_ANALYZER_NUMBER_OBJECT_CONVERSION = YES_AGGRESSIVE;
				CLANG_CXX_LANGUAGE_STANDARD = "gnu++17";
				CLANG_CXX_LIBRARY = "libc++";
				CLANG_ENABLE_MODULES = YES;
				CLANG_ENABLE_OBJC_ARC = YES;
				CLANG_ENABLE_OBJC_WEAK = YES;
				CLANG_WARN_BLOCK_CAPTURE_AUTORELEASING = YES;
				CLANG_WARN_BOOL_CONVERSION = YES;
				CLANG_WARN_COMMA = YES;
				CLANG_WARN_CONSTANT_CONVERSION = YES;
				CLANG_WARN_DEPRECATED_OBJC_IMPLEMENTATIONS = YES;
				CLANG_WARN_DIRECT_OBJC_ISA_USAGE = YES_ERROR;
				CLANG_WARN_DOCUMENTATION_COMMENTS = YES;
				CLANG_WARN_EMPTY_BODY = YES;
				CLANG_WARN_ENUM_CONVERSION = YES;
				CLANG_WARN_INFINITE_RECURSION = YES;
				CLANG_WARN_INT_CONVERSION = YES;
				CLANG_WARN_NON_LITERAL_NULL_CONVERSION = YES;
				CLANG_WARN_OBJC_IMPLICIT_RETAIN_SELF = YES;
				CLANG_WARN_OBJC_LITERAL_CONVERSION = YES;
				CLANG_WARN_OBJC_ROOT_CLASS = YES_ERROR;
				CLANG_WARN_QUOTED_INCLUDE_IN_FRAMEWORK_HEADER = YES;
				CLANG_WARN_RANGE_LOOP_ANALYSIS = YES;
				CLANG_WARN_STRICT_PROTOTYPES = YES;
				CLANG_WARN_SUSPICIOUS_MOVE = YES;
				CLANG_WARN_UNGUARDED_AVAILABILITY = YES_AGGRESSIVE;
				CLANG_WARN_UNREACHABLE_CODE = YES;
				CLANG_WARN__DUPLICATE_METHOD_MATCH = YES;
				COPY_PHASE_STRIP = NO;
				DEBUG_INFORMATION_FORMAT = "dwarf-with-dsym";
				ENABLE_NS_ASSERTIONS = NO;
				ENABLE_STRICT_OBJC_MSGSEND = YES;
				GCC_C_LANGUAGE_STANDARD = gnu11;
				GCC_NO_COMMON_BLOCKS = YES;
				GCC_WARN_64_TO_32_BIT_CONVERSION = YES;
				GCC_WARN_ABOUT_RETURN_TYPE = YES_ERROR;
				GCC_WARN_UNDECLARED_SELECTOR = YES;
				GCC_WARN_UNINITIALIZED_AUTOS = YES_AGGRESSIVE;
				GCC_WARN_UNUSED_FUNCTION = YES;
				GCC_WARN_UNUSED_VARIABLE = YES;
				IPHONEOS_DEPLOYMENT_TARGET = 15.0;
				MTL_ENABLE_DEBUG_INFO = NO;
				MTL_FAST_MATH = YES;
				SDKROOT = iphoneos;
				SWIFT_COMPILATION_MODE = wholemodule;
				SWIFT_OPTIMIZATION_LEVEL = "-O";
				VALIDATE_PRODUCT = YES;
			};
			name = Release;
		};
		B64B9A49281654B600D5605A /* Debug */ = {
			isa = XCBuildConfiguration;
			baseConfigurationReference = 8E26C05C5286012427FF9053 /* Pods-RogaLabs-iOS-Teste.debug.xcconfig */;
			buildSettings = {
				ASSETCATALOG_COMPILER_APPICON_NAME = AppIcon;
				ASSETCATALOG_COMPILER_GLOBAL_ACCENT_COLOR_NAME = AccentColor;
				CODE_SIGN_STYLE = Automatic;
				CURRENT_PROJECT_VERSION = 1;
				GENERATE_INFOPLIST_FILE = YES;
				INFOPLIST_FILE = "RogaLabs-iOS-Teste/Info.plist";
				INFOPLIST_KEY_UIApplicationSupportsIndirectInputEvents = YES;
				INFOPLIST_KEY_UILaunchStoryboardName = LaunchScreen;
				INFOPLIST_KEY_UIMainStoryboardFile = Main;
				INFOPLIST_KEY_UISupportedInterfaceOrientations_iPad = "UIInterfaceOrientationPortrait UIInterfaceOrientationPortraitUpsideDown UIInterfaceOrientationLandscapeLeft UIInterfaceOrientationLandscapeRight";
				INFOPLIST_KEY_UISupportedInterfaceOrientations_iPhone = "UIInterfaceOrientationPortrait UIInterfaceOrientationLandscapeLeft UIInterfaceOrientationLandscapeRight";
				LD_RUNPATH_SEARCH_PATHS = (
					"$(inherited)",
					"@executable_path/Frameworks",
				);
				MARKETING_VERSION = 1.0;
				PRODUCT_BUNDLE_IDENTIFIER = "com.fernando.RogaLabs-iOS-Teste";
				PRODUCT_NAME = "$(TARGET_NAME)";
				SWIFT_EMIT_LOC_STRINGS = YES;
				SWIFT_VERSION = 5.0;
				TARGETED_DEVICE_FAMILY = "1,2";
			};
			name = Debug;
		};
		B64B9A4A281654B600D5605A /* Release */ = {
			isa = XCBuildConfiguration;
			baseConfigurationReference = A45C6345C5411EF2FC4589F8 /* Pods-RogaLabs-iOS-Teste.release.xcconfig */;
			buildSettings = {
				ASSETCATALOG_COMPILER_APPICON_NAME = AppIcon;
				ASSETCATALOG_COMPILER_GLOBAL_ACCENT_COLOR_NAME = AccentColor;
				CODE_SIGN_STYLE = Automatic;
				CURRENT_PROJECT_VERSION = 1;
				GENERATE_INFOPLIST_FILE = YES;
				INFOPLIST_FILE = "RogaLabs-iOS-Teste/Info.plist";
				INFOPLIST_KEY_UIApplicationSupportsIndirectInputEvents = YES;
				INFOPLIST_KEY_UILaunchStoryboardName = LaunchScreen;
				INFOPLIST_KEY_UIMainStoryboardFile = Main;
				INFOPLIST_KEY_UISupportedInterfaceOrientations_iPad = "UIInterfaceOrientationPortrait UIInterfaceOrientationPortraitUpsideDown UIInterfaceOrientationLandscapeLeft UIInterfaceOrientationLandscapeRight";
				INFOPLIST_KEY_UISupportedInterfaceOrientations_iPhone = "UIInterfaceOrientationPortrait UIInterfaceOrientationLandscapeLeft UIInterfaceOrientationLandscapeRight";
				LD_RUNPATH_SEARCH_PATHS = (
					"$(inherited)",
					"@executable_path/Frameworks",
				);
				MARKETING_VERSION = 1.0;
				PRODUCT_BUNDLE_IDENTIFIER = "com.fernando.RogaLabs-iOS-Teste";
				PRODUCT_NAME = "$(TARGET_NAME)";
				SWIFT_EMIT_LOC_STRINGS = YES;
				SWIFT_VERSION = 5.0;
				TARGETED_DEVICE_FAMILY = "1,2";
			};
			name = Release;
		};
/* End XCBuildConfiguration section */

/* Begin XCConfigurationList section */
		B64B9A2F281654B000D5605A /* Build configuration list for PBXProject "RogaLabs-iOS-Teste" */ = {
			isa = XCConfigurationList;
			buildConfigurations = (
				B64B9A46281654B600D5605A /* Debug */,
				B64B9A47281654B600D5605A /* Release */,
			);
			defaultConfigurationIsVisible = 0;
			defaultConfigurationName = Release;
		};
		B64B9A48281654B600D5605A /* Build configuration list for PBXNativeTarget "RogaLabs-iOS-Teste" */ = {
			isa = XCConfigurationList;
			buildConfigurations = (
				B64B9A49281654B600D5605A /* Debug */,
				B64B9A4A281654B600D5605A /* Release */,
			);
			defaultConfigurationIsVisible = 0;
			defaultConfigurationName = Release;
		};
/* End XCConfigurationList section */
	};
	rootObject = B64B9A2C281654B000D5605A /* Project object */;
}
